
Microsoft Visual Studio Solution File, Format Version 12.00
# Visual Studio 2013
VisualStudioVersion = 12.0.30501.0
MinimumVisualStudioVersion = 10.0.40219.1
Project("{FAE04EC0-301F-11D3-BF4B-00C04F79EFBC}") = "AbstractFactory", "AbstractFactory\AbstractFactory.csproj", "{137D9F65-8316-4760-A61C-FB0993127EC4}"
EndProject
Project("{FAE04EC0-301F-11D3-BF4B-00C04F79EFBC}") = "MethodFactory", "MethodFactory\MethodFactory.csproj", "{0614B8AC-560C-424E-9571-B2382FDAEB1F}"
EndProject
Project("{FAE04EC0-301F-11D3-BF4B-00C04F79EFBC}") = "BuilderFactoryExample", "BuilderFactoryExample\BuilderFactoryExample.csproj", "{2F484AA7-53B0-413F-B03A-0573A0E05FFE}"
EndProject
Global
	GlobalSection(SolutionConfigurationPlatforms) = preSolution
		Debug|Any CPU = Debug|Any CPU
		Release|Any CPU = Release|Any CPU
	EndGlobalSection
	GlobalSection(ProjectConfigurationPlatforms) = postSolution
		{137D9F65-8316-4760-A61C-FB0993127EC4}.Debug|Any CPU.ActiveCfg = Debug|Any CPU
		{137D9F65-8316-4760-A61C-FB0993127EC4}.Debug|Any CPU.Build.0 = Debug|Any CPU
		{137D9F65-8316-4760-A61C-FB0993127EC4}.Release|Any CPU.ActiveCfg = Release|Any CPU
		{137D9F65-8316-4760-A61C-FB0993127EC4}.Release|Any CPU.Build.0 = Release|Any CPU
		{0614B8AC-560C-424E-9571-B2382FDAEB1F}.Debug|Any CPU.ActiveCfg = Debug|Any CPU
		{0614B8AC-560C-424E-9571-B2382FDAEB1F}.Debug|Any CPU.Build.0 = Debug|Any CPU
		{0614B8AC-560C-424E-9571-B2382FDAEB1F}.Release|Any CPU.ActiveCfg = Release|Any CPU
		{0614B8AC-560C-424E-9571-B2382FDAEB1F}.Release|Any CPU.Build.0 = Release|Any CPU
		{2F484AA7-53B0-413F-B03A-0573A0E05FFE}.Debug|Any CPU.ActiveCfg = Debug|Any CPU
		{2F484AA7-53B0-413F-B03A-0573A0E05FFE}.Debug|Any CPU.Build.0 = Debug|Any CPU
		{2F484AA7-53B0-413F-B03A-0573A0E05FFE}.Release|Any CPU.ActiveCfg = Release|Any CPU
		{2F484AA7-53B0-413F-B03A-0573A0E05FFE}.Release|Any CPU.Build.0 = Release|Any CPU
	EndGlobalSection
	GlobalSection(SolutionProperties) = preSolution
		HideSolutionNode = FALSE
	EndGlobalSection
EndGlobal
